PODS:
  - Quickblox-WebRTC (2.1.1)

DEPENDENCIES:
  - Quickblox-WebRTC (from `https://raw.githubusercontent.com/iSevenDays/testingPodSpecs/master/Quickblox-WebRTC.podspec`)

EXTERNAL SOURCES:
  Quickblox-WebRTC:
    :podspec: https://raw.githubusercontent.com/iSevenDays/testingPodSpecs/master/Quickblox-WebRTC.podspec

SPEC CHECKSUMS:
  Quickblox-WebRTC: a027ed362768983486bf652b97ff44dedef776cb

COCOAPODS: 0.39.0
