PODS:
  - Quickblox-WebRTC (2.1.1)

DEPENDENCIES:
  - Quickblox-WebRTC (from `https://raw.githubusercontent.com/iSevenDays/testingPodSpecs/master/Quickblox-WebRTC.podspec`)

EXTERNAL SOURCES:
  Quickblox-WebRTC:
    :podspec: https://raw.githubusercontent.com/iSevenDays/testingPodSpecs/master/Quickblox-WebRTC.podspec

SPEC CHECKSUMS:
  Quickblox-WebRTC: 8701ddf75a812c3e85259f6e38fb82239dda4794

COCOAPODS: 0.39.0
